{
    "_meta": {
        "hash": {
            "sha256": "95b9e20ebceac7e8c4391b27f8bf0fbde6b78a0ec4bad30fd498d0be7ab46fb5"
        },
        "pipfile-spec": 6,
        "requires": {
            "python_version": "3.8"
        },
        "sources": [
            {
                "name": "pypi",
                "url": "https://pypi.org/simple",
                "verify_ssl": true
            }
        ]
    },
    "default": {
        "asgiref": {
            "hashes": [
                "sha256:8036f90603c54e93521e5777b2b9a39ba1bad05773fcf2d208f0299d1df58ce5",
                "sha256:9ca8b952a0a9afa61d30aa6d3d9b570bb3fd6bafcf7ec9e6bed43b936133db1c"
            ],
            "index": "pypi",
            "version": "==3.2.7"
        },
        "certifi": {
            "hashes": [
                "sha256:1d987a998c75633c40847cc966fcf5904906c920a7f17ef374f5aa4282abd304",
                "sha256:51fcb31174be6e6664c5f69e3e1691a2d72a1a12e90f872cbdb1567eb47b6519"
            ],
            "index": "pypi",
            "version": "==2020.4.5.1"
        },
        "chardet": {
            "hashes": [
                "sha256:84ab92ed1c4d4f16916e05906b6b75a6c0fb5db821cc65e70cbd64a3e2a5eaae",
                "sha256:fc323ffcaeaed0e0a02bf4d117757b98aed530d9ed4531e3e15460124c106691"
            ],
            "index": "pypi",
            "version": "==3.0.4"
        },
        "defusedxml": {
            "hashes": [
                "sha256:6687150770438374ab581bb7a1b327a847dd9c5749e396102de3fad4e8a3ef93",
                "sha256:f684034d135af4c6cbb949b8a4d2ed61634515257a67299e5f940fbaa34377f5"
            ],
            "index": "pypi",
            "version": "==0.6.0"
        },
        "dj-database-url": {
            "hashes": [
                "sha256:4aeaeb1f573c74835b0686a2b46b85990571159ffc21aa57ecd4d1e1cb334163",
                "sha256:851785365761ebe4994a921b433062309eb882fedd318e1b0fcecc607ed02da9"
            ],
            "index": "pypi",
            "version": "==0.5.0"
        },
        "django": {
            "hashes": [
                "sha256:5052b34b34b3425233c682e0e11d658fd6efd587d11335a0203d827224ada8f2",
                "sha256:e1630333248c9b3d4e38f02093a26f1e07b271ca896d73097457996e0fae12e8"
            ],
            "index": "pypi",
            "version": "==3.0.7"
        },
        "django-allauth": {
            "hashes": [
                "sha256:7ab91485b80d231da191d5c7999ba93170ef1bf14ab6487d886598a1ad03e1d8"
            ],
            "index": "pypi",
            "version": "==0.41.0"
        },
        "django-cors-headers": {
            "hashes": [
                "sha256:48d267c10d11d8e17805bf896071c0a3e8efb6f79f6634a90e6faac4c2f8a1a0",
                "sha256:73d654950b5f5e7e4f67c05183d2169d4f7518ceb87734eb0d68f9e43be59f1c"
            ],
            "index": "pypi",
            "version": "==3.3.0"
        },
        "django-heroku": {
            "hashes": [
                "sha256:2bc690aab89eedbe01311752320a9a12e7548e3b0ed102681acc5736a41a4762",
                "sha256:6af4bc3ae4a9b55eaad6dbe5164918982d2762661aebc9f83d9fa49f6009514e"
            ],
            "index": "pypi",
            "version": "==0.3.1"
        },
        "django-rest-auth": {
            "hashes": [
                "sha256:f11e12175dafeed772f50d740d22caeab27e99a3caca24ec65e66a8d6de16571"
            ],
            "index": "pypi",
            "version": "==0.9.5"
        },
        "djangorestframework": {
            "hashes": [
                "sha256:05809fc66e1c997fd9a32ea5730d9f4ba28b109b9da71fccfa5ff241201fd0a4",
                "sha256:e782087823c47a26826ee5b6fa0c542968219263fb3976ec3c31edab23a4001f"
            ],
            "index": "pypi",
            "version": "==3.11.0"
        },
        "djangorestframework-simplejwt": {
            "hashes": [
                "sha256:288ee78618d906f26abf6282b639b8f1806ce1d9a7578897a125cf79c609f259",
                "sha256:c315be70aa12a5f5790c0ab9acd426c3a58eebea65a77d0893248c5144a5080c"
            ],
            "index": "pypi",
            "version": "==4.4.0"
        },
        "gunicorn": {
            "hashes": [
                "sha256:1904bb2b8a43658807108d59c3f3d56c2b6121a701161de0ddf9ad140073c626",
                "sha256:cd4a810dd51bf497552cf3f863b575dabd73d6ad6a91075b65936b151cbf4f9c"
            ],
            "index": "pypi",
            "version": "==20.0.4"
        },
        "idna": {
            "hashes": [
                "sha256:7588d1c14ae4c77d74036e8c22ff447b26d0fde8f007354fd48a7814db15b7cb",
                "sha256:a068a21ceac8a4d63dbfd964670474107f541babbd2250d61922f029858365fa"
            ],
            "index": "pypi",
            "version": "==2.9"
        },
        "oauthlib": {
            "hashes": [
                "sha256:bee41cc35fcca6e988463cacc3bcb8a96224f470ca547e697b604cc697b2f889",
                "sha256:df884cd6cbe20e32633f1db1072e9356f53638e4361bef4e8b03c9127c9328ea"
            ],
            "index": "pypi",
            "version": "==3.1.0"
        },
        "pillow": {
            "hashes": [
                "sha256:03b27b197deb4ee400ed57d8d4e572d2d8d80f825b6634daf6e2c18c3c6ccfa6",
                "sha256:0b281fcadbb688607ea6ece7649c5d59d4bbd574e90db6cd030e9e85bde9fecc",
                "sha256:0ebd8b9137630a7bbbff8c4b31e774ff05bbb90f7911d93ea2c9371e41039b52",
                "sha256:113723312215b25c22df1fdf0e2da7a3b9c357a7d24a93ebbe80bfda4f37a8d4",
                "sha256:2d16b6196fb7a54aff6b5e3ecd00f7c0bab1b56eee39214b2b223a9d938c50af",
                "sha256:2fd8053e1f8ff1844419842fd474fc359676b2e2a2b66b11cc59f4fa0a301315",
                "sha256:31b265496e603985fad54d52d11970383e317d11e18e856971bdbb86af7242a4",
                "sha256:3586e12d874ce2f1bc875a3ffba98732ebb12e18fb6d97be482bd62b56803281",
                "sha256:47f5cf60bcb9fbc46011f75c9b45a8b5ad077ca352a78185bd3e7f1d294b98bb",
                "sha256:490e52e99224858f154975db61c060686df8a6b3f0212a678e5d2e2ce24675c9",
                "sha256:500d397ddf4bbf2ca42e198399ac13e7841956c72645513e8ddf243b31ad2128",
                "sha256:52abae4c96b5da630a8b4247de5428f593465291e5b239f3f843a911a3cf0105",
                "sha256:6579f9ba84a3d4f1807c4aab4be06f373017fc65fff43498885ac50a9b47a553",
                "sha256:68e06f8b2248f6dc8b899c3e7ecf02c9f413aab622f4d6190df53a78b93d97a5",
                "sha256:6c5439bfb35a89cac50e81c751317faea647b9a3ec11c039900cd6915831064d",
                "sha256:72c3110228944019e5f27232296c5923398496b28be42535e3b2dc7297b6e8b6",
                "sha256:72f649d93d4cc4d8cf79c91ebc25137c358718ad75f99e99e043325ea7d56100",
                "sha256:7aaf07085c756f6cb1c692ee0d5a86c531703b6e8c9cae581b31b562c16b98ce",
                "sha256:80fe92813d208ce8aa7d76da878bdc84b90809f79ccbad2a288e9bcbeac1d9bd",
                "sha256:95545137fc56ce8c10de646074d242001a112a92de169986abd8c88c27566a05",
                "sha256:97b6d21771da41497b81652d44191489296555b761684f82b7b544c49989110f",
                "sha256:98cb63ca63cb61f594511c06218ab4394bf80388b3d66cd61d0b1f63ee0ea69f",
                "sha256:9f3b4522148586d35e78313db4db0df4b759ddd7649ef70002b6c3767d0fdeb7",
                "sha256:a09a9d4ec2b7887f7a088bbaacfd5c07160e746e3d47ec5e8050ae3b2a229e9f",
                "sha256:b5050d681bcf5c9f2570b93bee5d3ec8ae4cf23158812f91ed57f7126df91762",
                "sha256:bb47a548cea95b86494a26c89d153fd31122ed65255db5dcbc421a2d28eb3379",
                "sha256:bc462d24500ba707e9cbdef436c16e5c8cbf29908278af053008d9f689f56dee",
                "sha256:c2067b3bb0781f14059b112c9da5a91c80a600a97915b4f48b37f197895dd925",
                "sha256:d154ed971a4cc04b93a6d5b47f37948d1f621f25de3e8fa0c26b2d44f24e3e8f",
                "sha256:d5dcea1387331c905405b09cdbfb34611050cc52c865d71f2362f354faee1e9f",
                "sha256:ee6e2963e92762923956fe5d3479b1fdc3b76c83f290aad131a2f98c3df0593e",
                "sha256:fd0e5062f11cb3e730450a7d9f323f4051b532781026395c4323b8ad055523c4"
            ],
            "index": "pypi",
            "version": "==9.0.0"
        },
        "psycopg2": {
            "hashes": [
                "sha256:06f32425949bd5fe8f625c49f17ebb9784e1e4fe928b7cce72edc36fb68e4c0c",
                "sha256:0762c27d018edbcb2d34d51596e4346c983bd27c330218c56c4dc25ef7e819bf",
                "sha256:083707a696e5e1c330af2508d8fab36f9700b26621ccbcb538abe22e15485362",
                "sha256:34b33e0162cfcaad151f249c2649fd1030010c16f4bbc40a604c1cb77173dcf7",
                "sha256:4295093a6ae3434d33ec6baab4ca5512a5082cc43c0505293087b8a46d108461",
                "sha256:8cf3878353cc04b053822896bc4922b194792df9df2f1ad8da01fb3043602126",
                "sha256:8e841d1bf3434da985cc5ef13e6f75c8981ced601fd70cc6bf33351b91562981",
                "sha256:9572e08b50aed176ef6d66f15a21d823bb6f6d23152d35e8451d7d2d18fdac56",
                "sha256:a81e3866f99382dfe8c15a151f1ca5fde5815fde879348fe5a9884a7c092a305",
                "sha256:cb10d44e6694d763fa1078a26f7f6137d69f555a78ec85dc2ef716c37447e4b2",
                "sha256:d3ca6421b942f60c008f81a3541e8faf6865a28d5a9b48544b0ee4f40cac7fca"
            ],
            "markers": "python_version >= '3.6'",
            "version": "==2.9.3"
        },
        "pyjwt": {
            "hashes": [
                "sha256:b888b4d56f06f6dcd777210c334e69c737be74755d3e5e9ee3fe67dc18a0ee41",
                "sha256:e0c4bb8d9f0af0c7f5b1ec4c5036309617d03d56932877f2f7a0beeb5318322f"
            ],
            "markers": "python_version >= '3.6'",
            "version": "==2.3.0"
        },
        "python3-openid": {
            "hashes": [
                "sha256:0086da6b6ef3161cfe50fb1ee5cceaf2cda1700019fda03c2c5c440ca6abe4fa",
                "sha256:628d365d687e12da12d02c6691170f4451db28d6d68d050007e4a40065868502"
            ],
            "index": "pypi",
            "version": "==3.1.0"
        },
        "pytz": {
            "hashes": [
                "sha256:a494d53b6d39c3c6e44c3bec237336e14305e4f29bbf800b599253057fbb79ed",
                "sha256:c35965d010ce31b23eeb663ed3cc8c906275d6be1a34393a1d73a41febf4a048"
            ],
            "index": "pypi",
            "version": "==2020.1"
        },
        "requests": {
            "hashes": [
                "sha256:43999036bfa82904b6af1d99e4882b560e5e2c68e5c4b0aa03b655f3d7d73fee",
                "sha256:5d2d0ffbb515f39417009a46c14256291061ac01ba8f875b90cad137de83beb4",
                "sha256:b3f43d496c6daba4493e7c431722aeb7dbc6288f52a6e04e7b6023b0247817e6"
            ],
            "index": "pypi",
            "version": "==2.23.0"
        },
        "requests-oauthlib": {
            "hashes": [
                "sha256:7f71572defaecd16372f9006f33c2ec8c077c3cfa6f5911a9a90202beb513f3d",
                "sha256:b4261601a71fd721a8bd6d7aa1cc1d6a8a93b4a9f5e96626f8e4d91e8beeaa6a",
                "sha256:fa6c47b933f01060936d87ae9327fead68768b69c6c9ea2109c48be30f2d4dbc"
            ],
            "index": "pypi",
            "version": "==1.3.0"
        },
        "setuptools": {
            "hashes": [
                "sha256:2404879cda71495fc4d5cbc445ed52fdaddf352b36e40be8dcc63147cb4edabe",
                "sha256:68eb94073fc486091447fcb0501efd6560a0e5a1839ba249e5ff3c4c93f05f90"
            ],
            "markers": "python_version >= '3.7'",
            "version": "==60.5.0"
        },
        "six": {
            "hashes": [
                "sha256:30639c035cdb23534cd4aa2dd52c3bf48f06e5f4a941509c8bafd8ce11080259",
                "sha256:8b74bedcbbbaca38ff6d7491d76f2b06b3592611af620f8426e82dddb04a5ced"
            ],
            "index": "pypi",
            "version": "==1.15.0"
        },
        "sqlparse": {
            "hashes": [
                "sha256:022fb9c87b524d1f7862b3037e541f68597a730a8843245c349fc93e1643dc4e",
                "sha256:e162203737712307dfe78860cc56c8da8a852ab2ee33750e33aeadf38d12c548"
            ],
            "index": "pypi",
            "version": "==0.3.1"
        },
        "urllib3": {
            "hashes": [
                "sha256:3018294ebefce6572a474f0604c2021e33b3fd8006ecd11d62107a5d2a963527",
                "sha256:88206b0eb87e6d677d424843ac5209e3fb9d0190d0ee169599165ec25e9d9115"
            ],
            "index": "pypi",
            "version": "==1.25.9"
        },
        "whitenoise": {
            "hashes": [
                "sha256:60154b976a13901414a25b0273a841145f77eb34a141f9ae032a0ace3e4d5b27",
                "sha256:6dd26bfda3af29177d8ab7333a0c7b7642eb615ce83764f4d15a9aecda3201c4"
            ],
            "index": "pypi",
            "version": "==5.1.0"
        }
    },
    "develop": {}
}
